// !$*UTF8*$!
{
	archiveVersion = 1;
	classes = {
	};
	objectVersion = 55;
	objects = {

/* Begin PBXBuildFile section */
		72FAB6C5287BE918004C7909 /* AppDelegate.swift in Sources */ = {isa = PBXBuildFile; fileRef = 72FAB6C4287BE918004C7909 /* AppDelegate.swift */; };
		72FAB6C7287BE918004C7909 /* SceneDelegate.swift in Sources */ = {isa = PBXBuildFile; fileRef = 72FAB6C6287BE918004C7909 /* SceneDelegate.swift */; };
		72FAB6C9287BE918004C7909 /* ViewController.swift in Sources */ = {isa = PBXBuildFile; fileRef = 72FAB6C8287BE918004C7909 /* ViewController.swift */; };
		72FAB6CC287BE918004C7909 /* Main.storyboard in Resources */ = {isa = PBXBuildFile; fileRef = 72FAB6CA287BE918004C7909 /* Main.storyboard */; };
		72FAB6CE287BE919004C7909 /* Assets.xcassets in Resources */ = {isa = PBXBuildFile; fileRef = 72FAB6CD287BE919004C7909 /* Assets.xcassets */; };
		72FAB6D1287BE919004C7909 /* LaunchScreen.storyboard in Resources */ = {isa = PBXBuildFile; fileRef = 72FAB6CF287BE919004C7909 /* LaunchScreen.storyboard */; };
		72FAB6DC287BE919004C7909 /* DrawingApp2Tests.swift in Sources */ = {isa = PBXBuildFile; fileRef = 72FAB6DB287BE919004C7909 /* DrawingApp2Tests.swift */; };
		72FAB6E6287BE919004C7909 /* DrawingApp2UITests.swift in Sources */ = {isa = PBXBuildFile; fileRef = 72FAB6E5287BE919004C7909 /* DrawingApp2UITests.swift */; };
		72FAB6E8287BE919004C7909 /* DrawingApp2UITestsLaunchTests.swift in Sources */ = {isa = PBXBuildFile; fileRef = 72FAB6E7287BE919004C7909 /* DrawingApp2UITestsLaunchTests.swift */; };
		72FAB6F7287BEFD4004C7909 /* Size.swift in Sources */ = {isa = PBXBuildFile; fileRef = 72FAB6F6287BEFD4004C7909 /* Size.swift */; };
		72FAB6F9287BF013004C7909 /* Point.swift in Sources */ = {isa = PBXBuildFile; fileRef = 72FAB6F8287BF013004C7909 /* Point.swift */; };
		72FAB6FB287BF0C6004C7909 /* Color.swift in Sources */ = {isa = PBXBuildFile; fileRef = 72FAB6FA287BF0C6004C7909 /* Color.swift */; };
		72FAB6FD287BF2ED004C7909 /* RectangleFactory.swift in Sources */ = {isa = PBXBuildFile; fileRef = 72FAB6FC287BF2ED004C7909 /* RectangleFactory.swift */; };
		72FAB6FF287BF2FE004C7909 /* Rectangle.swift in Sources */ = {isa = PBXBuildFile; fileRef = 72FAB6FE287BF2FE004C7909 /* Rectangle.swift */; };
		72FAB701287BF3AD004C7909 /* Alpha.swift in Sources */ = {isa = PBXBuildFile; fileRef = 72FAB700287BF3AD004C7909 /* Alpha.swift */; };
		72FAB703287BF674004C7909 /* Id.swift in Sources */ = {isa = PBXBuildFile; fileRef = 72FAB702287BF674004C7909 /* Id.swift */; };
		72FAB708287C0505004C7909 /* RectangleFactoryTest.swift in Sources */ = {isa = PBXBuildFile; fileRef = 72FAB707287C0505004C7909 /* RectangleFactoryTest.swift */; };
/* End PBXBuildFile section */

/* Begin PBXContainerItemProxy section */
		72FAB6D8287BE919004C7909 /* PBXContainerItemProxy */ = {
			isa = PBXContainerItemProxy;
			containerPortal = 72FAB6B9287BE918004C7909 /* Project object */;
			proxyType = 1;
			remoteGlobalIDString = 72FAB6C0287BE918004C7909;
			remoteInfo = DrawingApp2;
		};
		72FAB6E2287BE919004C7909 /* PBXContainerItemProxy */ = {
			isa = PBXContainerItemProxy;
			containerPortal = 72FAB6B9287BE918004C7909 /* Project object */;
			proxyType = 1;
			remoteGlobalIDString = 72FAB6C0287BE918004C7909;
			remoteInfo = DrawingApp2;
		};
/* End PBXContainerItemProxy section */

/* Begin PBXFileReference section */
		72FAB6C1287BE918004C7909 /* DrawingApp2.app */ = {isa = PBXFileReference; explicitFileType = wrapper.application; includeInIndex = 0; path = DrawingApp2.app; sourceTree = BUILT_PRODUCTS_DIR; };
		72FAB6C4287BE918004C7909 /* AppDelegate.swift */ = {isa = PBXFileReference; lastKnownFileType = sourcecode.swift; path = AppDelegate.swift; sourceTree = "<group>"; };
		72FAB6C6287BE918004C7909 /* SceneDelegate.swift */ = {isa = PBXFileReference; lastKnownFileType = sourcecode.swift; path = SceneDelegate.swift; sourceTree = "<group>"; };
		72FAB6C8287BE918004C7909 /* ViewController.swift */ = {isa = PBXFileReference; lastKnownFileType = sourcecode.swift; path = ViewController.swift; sourceTree = "<group>"; };
		72FAB6CB287BE918004C7909 /* Base */ = {isa = PBXFileReference; lastKnownFileType = file.storyboard; name = Base; path = Base.lproj/Main.storyboard; sourceTree = "<group>"; };
		72FAB6CD287BE919004C7909 /* Assets.xcassets */ = {isa = PBXFileReference; lastKnownFileType = folder.assetcatalog; path = Assets.xcassets; sourceTree = "<group>"; };
		72FAB6D0287BE919004C7909 /* Base */ = {isa = PBXFileReference; lastKnownFileType = file.storyboard; name = Base; path = Base.lproj/LaunchScreen.storyboard; sourceTree = "<group>"; };
		72FAB6D2287BE919004C7909 /* Info.plist */ = {isa = PBXFileReference; lastKnownFileType = text.plist.xml; path = Info.plist; sourceTree = "<group>"; };
		72FAB6D7287BE919004C7909 /* DrawingApp2Tests.xctest */ = {isa = PBXFileReference; explicitFileType = wrapper.cfbundle; includeInIndex = 0; path = DrawingApp2Tests.xctest; sourceTree = BUILT_PRODUCTS_DIR; };
		72FAB6DB287BE919004C7909 /* DrawingApp2Tests.swift */ = {isa = PBXFileReference; lastKnownFileType = sourcecode.swift; path = DrawingApp2Tests.swift; sourceTree = "<group>"; };
		72FAB6E1287BE919004C7909 /* DrawingApp2UITests.xctest */ = {isa = PBXFileReference; explicitFileType = wrapper.cfbundle; includeInIndex = 0; path = DrawingApp2UITests.xctest; sourceTree = BUILT_PRODUCTS_DIR; };
		72FAB6E5287BE919004C7909 /* DrawingApp2UITests.swift */ = {isa = PBXFileReference; lastKnownFileType = sourcecode.swift; path = DrawingApp2UITests.swift; sourceTree = "<group>"; };
		72FAB6E7287BE919004C7909 /* DrawingApp2UITestsLaunchTests.swift */ = {isa = PBXFileReference; lastKnownFileType = sourcecode.swift; path = DrawingApp2UITestsLaunchTests.swift; sourceTree = "<group>"; };
		72FAB6F6287BEFD4004C7909 /* Size.swift */ = {isa = PBXFileReference; lastKnownFileType = sourcecode.swift; path = Size.swift; sourceTree = "<group>"; };
		72FAB6F8287BF013004C7909 /* Point.swift */ = {isa = PBXFileReference; lastKnownFileType = sourcecode.swift; path = Point.swift; sourceTree = "<group>"; };
		72FAB6FA287BF0C6004C7909 /* Color.swift */ = {isa = PBXFileReference; lastKnownFileType = sourcecode.swift; path = Color.swift; sourceTree = "<group>"; };
		72FAB6FC287BF2ED004C7909 /* RectangleFactory.swift */ = {isa = PBXFileReference; lastKnownFileType = sourcecode.swift; path = RectangleFactory.swift; sourceTree = "<group>"; };
		72FAB6FE287BF2FE004C7909 /* Rectangle.swift */ = {isa = PBXFileReference; lastKnownFileType = sourcecode.swift; path = Rectangle.swift; sourceTree = "<group>"; };
		72FAB700287BF3AD004C7909 /* Alpha.swift */ = {isa = PBXFileReference; lastKnownFileType = sourcecode.swift; path = Alpha.swift; sourceTree = "<group>"; };
		72FAB702287BF674004C7909 /* Id.swift */ = {isa = PBXFileReference; lastKnownFileType = sourcecode.swift; path = Id.swift; sourceTree = "<group>"; };
		72FAB707287C0505004C7909 /* RectangleFactoryTest.swift */ = {isa = PBXFileReference; lastKnownFileType = sourcecode.swift; path = RectangleFactoryTest.swift; sourceTree = "<group>"; };
/* End PBXFileReference section */

/* Begin PBXFrameworksBuildPhase section */
		72FAB6BE287BE918004C7909 /* Frameworks */ = {
			isa = PBXFrameworksBuildPhase;
			buildActionMask = 2147483647;
			files = (
			);
			runOnlyForDeploymentPostprocessing = 0;
		};
		72FAB6D4287BE919004C7909 /* Frameworks */ = {
			isa = PBXFrameworksBuildPhase;
			buildActionMask = 2147483647;
			files = (
			);
			runOnlyForDeploymentPostprocessing = 0;
		};
		72FAB6DE287BE919004C7909 /* Frameworks */ = {
			isa = PBXFrameworksBuildPhase;
			buildActionMask = 2147483647;
			files = (
			);
			runOnlyForDeploymentPostprocessing = 0;
		};
/* End PBXFrameworksBuildPhase section */

/* Begin PBXGroup section */
		72FAB6B8287BE918004C7909 = {
			isa = PBXGroup;
			children = (
				72FAB6C3287BE918004C7909 /* DrawingApp2 */,
				72FAB6DA287BE919004C7909 /* DrawingApp2Tests */,
				72FAB6E4287BE919004C7909 /* DrawingApp2UITests */,
				72FAB6C2287BE918004C7909 /* Products */,
			);
			sourceTree = "<group>";
		};
		72FAB6C2287BE918004C7909 /* Products */ = {
			isa = PBXGroup;
			children = (
				72FAB6C1287BE918004C7909 /* DrawingApp2.app */,
				72FAB6D7287BE919004C7909 /* DrawingApp2Tests.xctest */,
				72FAB6E1287BE919004C7909 /* DrawingApp2UITests.xctest */,
			);
			name = Products;
			sourceTree = "<group>";
		};
		72FAB6C3287BE918004C7909 /* DrawingApp2 */ = {
			isa = PBXGroup;
			children = (
				72FAB6F5287BEFB7004C7909 /* model */,
				72FAB6F4287BEFB1004C7909 /* entity */,
				72FAB6C4287BE918004C7909 /* AppDelegate.swift */,
				72FAB6C6287BE918004C7909 /* SceneDelegate.swift */,
				72FAB6C8287BE918004C7909 /* ViewController.swift */,
				72FAB6CA287BE918004C7909 /* Main.storyboard */,
				72FAB6CD287BE919004C7909 /* Assets.xcassets */,
				72FAB6CF287BE919004C7909 /* LaunchScreen.storyboard */,
				72FAB6D2287BE919004C7909 /* Info.plist */,
			);
			path = DrawingApp2;
			sourceTree = "<group>";
		};
		72FAB6DA287BE919004C7909 /* DrawingApp2Tests */ = {
			isa = PBXGroup;
			children = (
				72FAB6DB287BE919004C7909 /* DrawingApp2Tests.swift */,
				72FAB707287C0505004C7909 /* RectangleFactoryTest.swift */,
			);
			path = DrawingApp2Tests;
			sourceTree = "<group>";
		};
		72FAB6E4287BE919004C7909 /* DrawingApp2UITests */ = {
			isa = PBXGroup;
			children = (
				72FAB6E5287BE919004C7909 /* DrawingApp2UITests.swift */,
				72FAB6E7287BE919004C7909 /* DrawingApp2UITestsLaunchTests.swift */,
			);
			path = DrawingApp2UITests;
			sourceTree = "<group>";
		};
		72FAB6F4287BEFB1004C7909 /* entity */ = {
			isa = PBXGroup;
			children = (
				72FAB6F6287BEFD4004C7909 /* Size.swift */,
				72FAB6F8287BF013004C7909 /* Point.swift */,
				72FAB6FA287BF0C6004C7909 /* Color.swift */,
				72FAB700287BF3AD004C7909 /* Alpha.swift */,
				72FAB702287BF674004C7909 /* Id.swift */,
				72FAB6FE287BF2FE004C7909 /* Rectangle.swift */,
			);
			path = entity;
			sourceTree = "<group>";
		};
		72FAB6F5287BEFB7004C7909 /* model */ = {
			isa = PBXGroup;
			children = (
				72FAB6FC287BF2ED004C7909 /* RectangleFactory.swift */,
			);
			path = model;
			sourceTree = "<group>";
		};
/* End PBXGroup section */

/* Begin PBXNativeTarget section */
		72FAB6C0287BE918004C7909 /* DrawingApp2 */ = {
			isa = PBXNativeTarget;
			buildConfigurationList = 72FAB6EB287BE919004C7909 /* Build configuration list for PBXNativeTarget "DrawingApp2" */;
			buildPhases = (
				72FAB6BD287BE918004C7909 /* Sources */,
				72FAB6BE287BE918004C7909 /* Frameworks */,
				72FAB6BF287BE918004C7909 /* Resources */,
			);
			buildRules = (
			);
			dependencies = (
			);
			name = DrawingApp2;
			productName = DrawingApp2;
			productReference = 72FAB6C1287BE918004C7909 /* DrawingApp2.app */;
			productType = "com.apple.product-type.application";
		};
		72FAB6D6287BE919004C7909 /* DrawingApp2Tests */ = {
			isa = PBXNativeTarget;
			buildConfigurationList = 72FAB6EE287BE919004C7909 /* Build configuration list for PBXNativeTarget "DrawingApp2Tests" */;
			buildPhases = (
				72FAB6D3287BE919004C7909 /* Sources */,
				72FAB6D4287BE919004C7909 /* Frameworks */,
				72FAB6D5287BE919004C7909 /* Resources */,
			);
			buildRules = (
			);
			dependencies = (
				72FAB6D9287BE919004C7909 /* PBXTargetDependency */,
			);
			name = DrawingApp2Tests;
			productName = DrawingApp2Tests;
			productReference = 72FAB6D7287BE919004C7909 /* DrawingApp2Tests.xctest */;
			productType = "com.apple.product-type.bundle.unit-test";
		};
		72FAB6E0287BE919004C7909 /* DrawingApp2UITests */ = {
			isa = PBXNativeTarget;
			buildConfigurationList = 72FAB6F1287BE919004C7909 /* Build configuration list for PBXNativeTarget "DrawingApp2UITests" */;
			buildPhases = (
				72FAB6DD287BE919004C7909 /* Sources */,
				72FAB6DE287BE919004C7909 /* Frameworks */,
				72FAB6DF287BE919004C7909 /* Resources */,
			);
			buildRules = (
			);
			dependencies = (
				72FAB6E3287BE919004C7909 /* PBXTargetDependency */,
			);
			name = DrawingApp2UITests;
			productName = DrawingApp2UITests;
			productReference = 72FAB6E1287BE919004C7909 /* DrawingApp2UITests.xctest */;
			productType = "com.apple.product-type.bundle.ui-testing";
		};
/* End PBXNativeTarget section */

/* Begin PBXProject section */
		72FAB6B9287BE918004C7909 /* Project object */ = {
			isa = PBXProject;
			attributes = {
				BuildIndependentTargetsInParallel = 1;
				LastSwiftUpdateCheck = 1320;
				LastUpgradeCheck = 1320;
				TargetAttributes = {
					72FAB6C0287BE918004C7909 = {
						CreatedOnToolsVersion = 13.2.1;
					};
					72FAB6D6287BE919004C7909 = {
						CreatedOnToolsVersion = 13.2.1;
						TestTargetID = 72FAB6C0287BE918004C7909;
					};
					72FAB6E0287BE919004C7909 = {
						CreatedOnToolsVersion = 13.2.1;
						TestTargetID = 72FAB6C0287BE918004C7909;
					};
				};
			};
			buildConfigurationList = 72FAB6BC287BE918004C7909 /* Build configuration list for PBXProject "DrawingApp2" */;
			compatibilityVersion = "Xcode 13.0";
			developmentRegion = en;
			hasScannedForEncodings = 0;
			knownRegions = (
				en,
				Base,
			);
			mainGroup = 72FAB6B8287BE918004C7909;
			productRefGroup = 72FAB6C2287BE918004C7909 /* Products */;
			projectDirPath = "";
			projectRoot = "";
			targets = (
				72FAB6C0287BE918004C7909 /* DrawingApp2 */,
				72FAB6D6287BE919004C7909 /* DrawingApp2Tests */,
				72FAB6E0287BE919004C7909 /* DrawingApp2UITests */,
			);
		};
/* End PBXProject section */

/* Begin PBXResourcesBuildPhase section */
		72FAB6BF287BE918004C7909 /* Resources */ = {
			isa = PBXResourcesBuildPhase;
			buildActionMask = 2147483647;
			files = (
				72FAB6D1287BE919004C7909 /* LaunchScreen.storyboard in Resources */,
				72FAB6CE287BE919004C7909 /* Assets.xcassets in Resources */,
				72FAB6CC287BE918004C7909 /* Main.storyboard in Resources */,
			);
			runOnlyForDeploymentPostprocessing = 0;
		};
		72FAB6D5287BE919004C7909 /* Resources */ = {
			isa = PBXResourcesBuildPhase;
			buildActionMask = 2147483647;
			files = (
			);
			runOnlyForDeploymentPostprocessing = 0;
		};
		72FAB6DF287BE919004C7909 /* Resources */ = {
			isa = PBXResourcesBuildPhase;
			buildActionMask = 2147483647;
			files = (
			);
			runOnlyForDeploymentPostprocessing = 0;
		};
/* End PBXResourcesBuildPhase section */

/* Begin PBXSourcesBuildPhase section */
		72FAB6BD287BE918004C7909 /* Sources */ = {
			isa = PBXSourcesBuildPhase;
			buildActionMask = 2147483647;
			files = (
				72FAB6FD287BF2ED004C7909 /* RectangleFactory.swift in Sources */,
				72FAB6F7287BEFD4004C7909 /* Size.swift in Sources */,
				72FAB6F9287BF013004C7909 /* Point.swift in Sources */,
				72FAB6C9287BE918004C7909 /* ViewController.swift in Sources */,
				72FAB6C5287BE918004C7909 /* AppDelegate.swift in Sources */,
				72FAB6C7287BE918004C7909 /* SceneDelegate.swift in Sources */,
				72FAB6FB287BF0C6004C7909 /* Color.swift in Sources */,
				72FAB6FF287BF2FE004C7909 /* Rectangle.swift in Sources */,
				72FAB703287BF674004C7909 /* Id.swift in Sources */,
				72FAB701287BF3AD004C7909 /* Alpha.swift in Sources */,
			);
			runOnlyForDeploymentPostprocessing = 0;
		};
		72FAB6D3287BE919004C7909 /* Sources */ = {
			isa = PBXSourcesBuildPhase;
			buildActionMask = 2147483647;
			files = (
				72FAB708287C0505004C7909 /* RectangleFactoryTest.swift in Sources */,
				72FAB6DC287BE919004C7909 /* DrawingApp2Tests.swift in Sources */,
			);
			runOnlyForDeploymentPostprocessing = 0;
		};
		72FAB6DD287BE919004C7909 /* Sources */ = {
			isa = PBXSourcesBuildPhase;
			buildActionMask = 2147483647;
			files = (
				72FAB6E8287BE919004C7909 /* DrawingApp2UITestsLaunchTests.swift in Sources */,
				72FAB6E6287BE919004C7909 /* DrawingApp2UITests.swift in Sources */,
			);
			runOnlyForDeploymentPostprocessing = 0;
		};
/* End PBXSourcesBuildPhase section */

/* Begin PBXTargetDependency section */
		72FAB6D9287BE919004C7909 /* PBXTargetDependency */ = {
			isa = PBXTargetDependency;
			target = 72FAB6C0287BE918004C7909 /* DrawingApp2 */;
			targetProxy = 72FAB6D8287BE919004C7909 /* PBXContainerItemProxy */;
		};
		72FAB6E3287BE919004C7909 /* PBXTargetDependency */ = {
			isa = PBXTargetDependency;
			target = 72FAB6C0287BE918004C7909 /* DrawingApp2 */;
			targetProxy = 72FAB6E2287BE919004C7909 /* PBXContainerItemProxy */;
		};
/* End PBXTargetDependency section */

/* Begin PBXVariantGroup section */
		72FAB6CA287BE918004C7909 /* Main.storyboard */ = {
			isa = PBXVariantGroup;
			children = (
				72FAB6CB287BE918004C7909 /* Base */,
			);
			name = Main.storyboard;
			sourceTree = "<group>";
		};
		72FAB6CF287BE919004C7909 /* LaunchScreen.storyboard */ = {
			isa = PBXVariantGroup;
			children = (
				72FAB6D0287BE919004C7909 /* Base */,
			);
			name = LaunchScreen.storyboard;
			sourceTree = "<group>";
		};
/* End PBXVariantGroup section */

/* Begin XCBuildConfiguration section */
		72FAB6E9287BE919004C7909 /* Debug */ = {
			isa = XCBuildConfiguration;
			buildSettings = {
				ALWAYS_SEARCH_USER_PATHS = NO;
				CLANG_ANALYZER_NONNULL = YES;
				CLANG_ANALYZER_NUMBER_OBJECT_CONVERSION = YES_AGGRESSIVE;
				CLANG_CXX_LANGUAGE_STANDARD = "gnu++17";
				CLANG_CXX_LIBRARY = "libc++";
				CLANG_ENABLE_MODULES = YES;
				CLANG_ENABLE_OBJC_ARC = YES;
				CLANG_ENABLE_OBJC_WEAK = YES;
				CLANG_WARN_BLOCK_CAPTURE_AUTORELEASING = YES;
				CLANG_WARN_BOOL_CONVERSION = YES;
				CLANG_WARN_COMMA = YES;
				CLANG_WARN_CONSTANT_CONVERSION = YES;
				CLANG_WARN_DEPRECATED_OBJC_IMPLEMENTATIONS = YES;
				CLANG_WARN_DIRECT_OBJC_ISA_USAGE = YES_ERROR;
				CLANG_WARN_DOCUMENTATION_COMMENTS = YES;
				CLANG_WARN_EMPTY_BODY = YES;
				CLANG_WARN_ENUM_CONVERSION = YES;
				CLANG_WARN_INFINITE_RECURSION = YES;
				CLANG_WARN_INT_CONVERSION = YES;
				CLANG_WARN_NON_LITERAL_NULL_CONVERSION = YES;
				CLANG_WARN_OBJC_IMPLICIT_RETAIN_SELF = YES;
				CLANG_WARN_OBJC_LITERAL_CONVERSION = YES;
				CLANG_WARN_OBJC_ROOT_CLASS = YES_ERROR;
				CLANG_WARN_QUOTED_INCLUDE_IN_FRAMEWORK_HEADER = YES;
				CLANG_WARN_RANGE_LOOP_ANALYSIS = YES;
				CLANG_WARN_STRICT_PROTOTYPES = YES;
				CLANG_WARN_SUSPICIOUS_MOVE = YES;
				CLANG_WARN_UNGUARDED_AVAILABILITY = YES_AGGRESSIVE;
				CLANG_WARN_UNREACHABLE_CODE = YES;
				CLANG_WARN__DUPLICATE_METHOD_MATCH = YES;
				COPY_PHASE_STRIP = NO;
				DEBUG_INFORMATION_FORMAT = dwarf;
				ENABLE_STRICT_OBJC_MSGSEND = YES;
				ENABLE_TESTABILITY = YES;
				GCC_C_LANGUAGE_STANDARD = gnu11;
				GCC_DYNAMIC_NO_PIC = NO;
				GCC_NO_COMMON_BLOCKS = YES;
				GCC_OPTIMIZATION_LEVEL = 0;
				GCC_PREPROCESSOR_DEFINITIONS = (
					"DEBUG=1",
					"$(inherited)",
				);
				GCC_WARN_64_TO_32_BIT_CONVERSION = YES;
				GCC_WARN_ABOUT_RETURN_TYPE = YES_ERROR;
				GCC_WARN_UNDECLARED_SELECTOR = YES;
				GCC_WARN_UNINITIALIZED_AUTOS = YES_AGGRESSIVE;
				GCC_WARN_UNUSED_FUNCTION = YES;
				GCC_WARN_UNUSED_VARIABLE = YES;
				IPHONEOS_DEPLOYMENT_TARGET = 15.2;
				MTL_ENABLE_DEBUG_INFO = INCLUDE_SOURCE;
				MTL_FAST_MATH = YES;
				ONLY_ACTIVE_ARCH = YES;
				SDKROOT = iphoneos;
				SWIFT_ACTIVE_COMPILATION_CONDITIONS = DEBUG;
				SWIFT_OPTIMIZATION_LEVEL = "-Onone";
			};
			name = Debug;
		};
		72FAB6EA287BE919004C7909 /* Release */ = {
			isa = XCBuildConfiguration;
			buildSettings = {
				ALWAYS_SEARCH_USER_PATHS = NO;
				CLANG_ANALYZER_NONNULL = YES;
				CLANG_ANALYZER_NUMBER_OBJECT_CONVERSION = YES_AGGRESSIVE;
				CLANG_CXX_LANGUAGE_STANDARD = "gnu++17";
				CLANG_CXX_LIBRARY = "libc++";
				CLANG_ENABLE_MODULES = YES;
				CLANG_ENABLE_OBJC_ARC = YES;
				CLANG_ENABLE_OBJC_WEAK = YES;
				CLANG_WARN_BLOCK_CAPTURE_AUTORELEASING = YES;
				CLANG_WARN_BOOL_CONVERSION = YES;
				CLANG_WARN_COMMA = YES;
				CLANG_WARN_CONSTANT_CONVERSION = YES;
				CLANG_WARN_DEPRECATED_OBJC_IMPLEMENTATIONS = YES;
				CLANG_WARN_DIRECT_OBJC_ISA_USAGE = YES_ERROR;
				CLANG_WARN_DOCUMENTATION_COMMENTS = YES;
				CLANG_WARN_EMPTY_BODY = YES;
				CLANG_WARN_ENUM_CONVERSION = YES;
				CLANG_WARN_INFINITE_RECURSION = YES;
				CLANG_WARN_INT_CONVERSION = YES;
				CLANG_WARN_NON_LITERAL_NULL_CONVERSION = YES;
				CLANG_WARN_OBJC_IMPLICIT_RETAIN_SELF = YES;
				CLANG_WARN_OBJC_LITERAL_CONVERSION = YES;
				CLANG_WARN_OBJC_ROOT_CLASS = YES_ERROR;
				CLANG_WARN_QUOTED_INCLUDE_IN_FRAMEWORK_HEADER = YES;
				CLANG_WARN_RANGE_LOOP_ANALYSIS = YES;
				CLANG_WARN_STRICT_PROTOTYPES = YES;
				CLANG_WARN_SUSPICIOUS_MOVE = YES;
				CLANG_WARN_UNGUARDED_AVAILABILITY = YES_AGGRESSIVE;
				CLANG_WARN_UNREACHABLE_CODE = YES;
				CLANG_WARN__DUPLICATE_METHOD_MATCH = YES;
				COPY_PHASE_STRIP = NO;
				DEBUG_INFORMATION_FORMAT = "dwarf-with-dsym";
				ENABLE_NS_ASSERTIONS = NO;
				ENABLE_STRICT_OBJC_MSGSEND = YES;
				GCC_C_LANGUAGE_STANDARD = gnu11;
				GCC_NO_COMMON_BLOCKS = YES;
				GCC_WARN_64_TO_32_BIT_CONVERSION = YES;
				GCC_WARN_ABOUT_RETURN_TYPE = YES_ERROR;
				GCC_WARN_UNDECLARED_SELECTOR = YES;
				GCC_WARN_UNINITIALIZED_AUTOS = YES_AGGRESSIVE;
				GCC_WARN_UNUSED_FUNCTION = YES;
				GCC_WARN_UNUSED_VARIABLE = YES;
				IPHONEOS_DEPLOYMENT_TARGET = 15.2;
				MTL_ENABLE_DEBUG_INFO = NO;
				MTL_FAST_MATH = YES;
				SDKROOT = iphoneos;
				SWIFT_COMPILATION_MODE = wholemodule;
				SWIFT_OPTIMIZATION_LEVEL = "-O";
				VALIDATE_PRODUCT = YES;
			};
			name = Release;
		};
		72FAB6EC287BE919004C7909 /* Debug */ = {
			isa = XCBuildConfiguration;
			buildSettings = {
				ASSETCATALOG_COMPILER_APPICON_NAME = AppIcon;
				ASSETCATALOG_COMPILER_GLOBAL_ACCENT_COLOR_NAME = AccentColor;
				CODE_SIGN_STYLE = Automatic;
				CURRENT_PROJECT_VERSION = 1;
				DEVELOPMENT_TEAM = B3PWYBKFUK;
				GENERATE_INFOPLIST_FILE = YES;
				INFOPLIST_FILE = DrawingApp2/Info.plist;
				INFOPLIST_KEY_UIApplicationSupportsIndirectInputEvents = YES;
				INFOPLIST_KEY_UILaunchStoryboardName = LaunchScreen;
				INFOPLIST_KEY_UIMainStoryboardFile = Main;
				INFOPLIST_KEY_UISupportedInterfaceOrientations = "UIInterfaceOrientationLandscapeLeft UIInterfaceOrientationLandscapeRight";
				INFOPLIST_KEY_UISupportedInterfaceOrientations_iPad = "UIInterfaceOrientationPortrait UIInterfaceOrientationPortraitUpsideDown UIInterfaceOrientationLandscapeLeft UIInterfaceOrientationLandscapeRight";
				INFOPLIST_KEY_UISupportedInterfaceOrientations_iPhone = "UIInterfaceOrientationPortrait UIInterfaceOrientationLandscapeLeft UIInterfaceOrientationLandscapeRight";
				LD_RUNPATH_SEARCH_PATHS = (
					"$(inherited)",
					"@executable_path/Frameworks",
				);
				MARKETING_VERSION = 1.0;
				PRODUCT_BUNDLE_IDENTIFIER = practice.DrawingApp2;
				PRODUCT_NAME = "$(TARGET_NAME)";
				SWIFT_EMIT_LOC_STRINGS = YES;
				SWIFT_VERSION = 5.0;
				TARGETED_DEVICE_FAMILY = "1,2";
			};
			name = Debug;
		};
		72FAB6ED287BE919004C7909 /* Release */ = {
			isa = XCBuildConfiguration;
			buildSettings = {
				ASSETCATALOG_COMPILER_APPICON_NAME = AppIcon;
				ASSETCATALOG_COMPILER_GLOBAL_ACCENT_COLOR_NAME = AccentColor;
				CODE_SIGN_STYLE = Automatic;
				CURRENT_PROJECT_VERSION = 1;
				DEVELOPMENT_TEAM = B3PWYBKFUK;
				GENERATE_INFOPLIST_FILE = YES;
				INFOPLIST_FILE = DrawingApp2/Info.plist;
				INFOPLIST_KEY_UIApplicationSupportsIndirectInputEvents = YES;
				INFOPLIST_KEY_UILaunchStoryboardName = LaunchScreen;
				INFOPLIST_KEY_UIMainStoryboardFile = Main;
				INFOPLIST_KEY_UISupportedInterfaceOrientations = "UIInterfaceOrientationLandscapeLeft UIInterfaceOrientationLandscapeRight";
				INFOPLIST_KEY_UISupportedInterfaceOrientations_iPad = "UIInterfaceOrientationPortrait UIInterfaceOrientationPortraitUpsideDown UIInterfaceOrientationLandscapeLeft UIInterfaceOrientationLandscapeRight";
				INFOPLIST_KEY_UISupportedInterfaceOrientations_iPhone = "UIInterfaceOrientationPortrait UIInterfaceOrientationLandscapeLeft UIInterfaceOrientationLandscapeRight";
				LD_RUNPATH_SEARCH_PATHS = (
					"$(inherited)",
					"@executable_path/Frameworks",
				);
				MARKETING_VERSION = 1.0;
				PRODUCT_BUNDLE_IDENTIFIER = practice.DrawingApp2;
				PRODUCT_NAME = "$(TARGET_NAME)";
				SWIFT_EMIT_LOC_STRINGS = YES;
				SWIFT_VERSION = 5.0;
				TARGETED_DEVICE_FAMILY = "1,2";
			};
			name = Release;
		};
		72FAB6EF287BE919004C7909 /* Debug */ = {
			isa = XCBuildConfiguration;
			buildSettings = {
				ALWAYS_EMBED_SWIFT_STANDARD_LIBRARIES = YES;
				BUNDLE_LOADER = "$(TEST_HOST)";
				CODE_SIGN_STYLE = Automatic;
				CURRENT_PROJECT_VERSION = 1;
				DEVELOPMENT_TEAM = B3PWYBKFUK;
				GENERATE_INFOPLIST_FILE = YES;
				IPHONEOS_DEPLOYMENT_TARGET = 15.2;
				MARKETING_VERSION = 1.0;
				PRODUCT_BUNDLE_IDENTIFIER = practice.DrawingApp2Tests;
				PRODUCT_NAME = "$(TARGET_NAME)";
				SWIFT_EMIT_LOC_STRINGS = NO;
				SWIFT_VERSION = 5.0;
				TARGETED_DEVICE_FAMILY = "1,2";
				TEST_HOST = "$(BUILT_PRODUCTS_DIR)/DrawingApp2.app/DrawingApp2";
			};
			name = Debug;
		};
		72FAB6F0287BE919004C7909 /* Release */ = {
			isa = XCBuildConfiguration;
			buildSettings = {
				ALWAYS_EMBED_SWIFT_STANDARD_LIBRARIES = YES;
				BUNDLE_LOADER = "$(TEST_HOST)";
				CODE_SIGN_STYLE = Automatic;
				CURRENT_PROJECT_VERSION = 1;
				DEVELOPMENT_TEAM = B3PWYBKFUK;
				GENERATE_INFOPLIST_FILE = YES;
				IPHONEOS_DEPLOYMENT_TARGET = 15.2;
				MARKETING_VERSION = 1.0;
				PRODUCT_BUNDLE_IDENTIFIER = practice.DrawingApp2Tests;
				PRODUCT_NAME = "$(TARGET_NAME)";
				SWIFT_EMIT_LOC_STRINGS = NO;
				SWIFT_VERSION = 5.0;
				TARGETED_DEVICE_FAMILY = "1,2";
				TEST_HOST = "$(BUILT_PRODUCTS_DIR)/DrawingApp2.app/DrawingApp2";
			};
			name = Release;
		};
		72FAB6F2287BE919004C7909 /* Debug */ = {
			isa = XCBuildConfiguration;
			buildSettings = {
				ALWAYS_EMBED_SWIFT_STANDARD_LIBRARIES = YES;
				CODE_SIGN_STYLE = Automatic;
				CURRENT_PROJECT_VERSION = 1;
				DEVELOPMENT_TEAM = B3PWYBKFUK;
				GENERATE_INFOPLIST_FILE = YES;
				MARKETING_VERSION = 1.0;
				PRODUCT_BUNDLE_IDENTIFIER = practice.DrawingApp2UITests;
				PRODUCT_NAME = "$(TARGET_NAME)";
				SWIFT_EMIT_LOC_STRINGS = NO;
				SWIFT_VERSION = 5.0;
				TARGETED_DEVICE_FAMILY = "1,2";
				TEST_TARGET_NAME = DrawingApp2;
			};
			name = Debug;
		};
		72FAB6F3287BE919004C7909 /* Release */ = {
			isa = XCBuildConfiguration;
			buildSettings = {
				ALWAYS_EMBED_SWIFT_STANDARD_LIBRARIES = YES;
				CODE_SIGN_STYLE = Automatic;
				CURRENT_PROJECT_VERSION = 1;
				DEVELOPMENT_TEAM = B3PWYBKFUK;
				GENERATE_INFOPLIST_FILE = YES;
				MARKETING_VERSION = 1.0;
				PRODUCT_BUNDLE_IDENTIFIER = practice.DrawingApp2UITests;
				PRODUCT_NAME = "$(TARGET_NAME)";
				SWIFT_EMIT_LOC_STRINGS = NO;
				SWIFT_VERSION = 5.0;
				TARGETED_DEVICE_FAMILY = "1,2";
				TEST_TARGET_NAME = DrawingApp2;
			};
			name = Release;
		};
/* End XCBuildConfiguration section */

/* Begin XCConfigurationList section */
		72FAB6BC287BE918004C7909 /* Build configuration list for PBXProject "DrawingApp2" */ = {
			isa = XCConfigurationList;
			buildConfigurations = (
				72FAB6E9287BE919004C7909 /* Debug */,
				72FAB6EA287BE919004C7909 /* Release */,
			);
			defaultConfigurationIsVisible = 0;
			defaultConfigurationName = Release;
		};
		72FAB6EB287BE919004C7909 /* Build configuration list for PBXNativeTarget "DrawingApp2" */ = {
			isa = XCConfigurationList;
			buildConfigurations = (
				72FAB6EC287BE919004C7909 /* Debug */,
				72FAB6ED287BE919004C7909 /* Release */,
			);
			defaultConfigurationIsVisible = 0;
			defaultConfigurationName = Release;
		};
		72FAB6EE287BE919004C7909 /* Build configuration list for PBXNativeTarget "DrawingApp2Tests" */ = {
			isa = XCConfigurationList;
			buildConfigurations = (
				72FAB6EF287BE919004C7909 /* Debug */,
				72FAB6F0287BE919004C7909 /* Release */,
			);
			defaultConfigurationIsVisible = 0;
			defaultConfigurationName = Release;
		};
		72FAB6F1287BE919004C7909 /* Build configuration list for PBXNativeTarget "DrawingApp2UITests" */ = {
			isa = XCConfigurationList;
			buildConfigurations = (
				72FAB6F2287BE919004C7909 /* Debug */,
				72FAB6F3287BE919004C7909 /* Release */,
			);
			defaultConfigurationIsVisible = 0;
			defaultConfigurationName = Release;
		};
/* End XCConfigurationList section */
	};
	rootObject = 72FAB6B9287BE918004C7909 /* Project object */;
}
